
Microsoft Visual Studio Solution File, Format Version 12.00
# Visual Studio Version 17
VisualStudioVersion = 17.12.35707.178 d17.12
MinimumVisualStudioVersion = 10.0.40219.1
Project("{FAE04EC0-301F-11D3-BF4B-00C04F79EFBC}") = "DOCTPRO", "DOCTPRO\DOCTPRO.csproj", "{CFBD8B28-0373-4975-905D-7678CA7732D7}"
EndProject
Project("{FAE04EC0-301F-11D3-BF4B-00C04F79EFBC}") = "DOCTPRO.BL", "DOCTPRO.BL\DOCTPRO.BL.csproj", "{0D9C61EA-B24B-4249-AA36-847416D49B84}"
EndProject
Project("{FAE04EC0-301F-11D3-BF4B-00C04F79EFBC}") = "DOCTPRO.DAL", "DOCTPRO.DAL\DOCTPRO.DAL.csproj", "{2D012D28-7B4E-4DFE-B53C-608B1BB12206}"
EndProject
Project("{FAE04EC0-301F-11D3-BF4B-00C04F79EFBC}") = "DOCTPRO.EF", "DOCTPRO.EF\DOCTPRO.EF.csproj", "{473BD01F-D964-45A8-95E7-CCFC00079D05}"
EndProject
Global
	GlobalSection(SolutionConfigurationPlatforms) = preSolution
		Debug|Any CPU = Debug|Any CPU
		Release|Any CPU = Release|Any CPU
	EndGlobalSection
	GlobalSection(ProjectConfigurationPlatforms) = postSolution
		{CFBD8B28-0373-4975-905D-7678CA7732D7}.Debug|Any CPU.ActiveCfg = Debug|Any CPU
		{CFBD8B28-0373-4975-905D-7678CA7732D7}.Debug|Any CPU.Build.0 = Debug|Any CPU
		{CFBD8B28-0373-4975-905D-7678CA7732D7}.Release|Any CPU.ActiveCfg = Release|Any CPU
		{CFBD8B28-0373-4975-905D-7678CA7732D7}.Release|Any CPU.Build.0 = Release|Any CPU
		{0D9C61EA-B24B-4249-AA36-847416D49B84}.Debug|Any CPU.ActiveCfg = Debug|Any CPU
		{0D9C61EA-B24B-4249-AA36-847416D49B84}.Debug|Any CPU.Build.0 = Debug|Any CPU
		{0D9C61EA-B24B-4249-AA36-847416D49B84}.Release|Any CPU.ActiveCfg = Release|Any CPU
		{0D9C61EA-B24B-4249-AA36-847416D49B84}.Release|Any CPU.Build.0 = Release|Any CPU
		{2D012D28-7B4E-4DFE-B53C-608B1BB12206}.Debug|Any CPU.ActiveCfg = Debug|Any CPU
		{2D012D28-7B4E-4DFE-B53C-608B1BB12206}.Debug|Any CPU.Build.0 = Debug|Any CPU
		{2D012D28-7B4E-4DFE-B53C-608B1BB12206}.Release|Any CPU.ActiveCfg = Release|Any CPU
		{2D012D28-7B4E-4DFE-B53C-608B1BB12206}.Release|Any CPU.Build.0 = Release|Any CPU
		{473BD01F-D964-45A8-95E7-CCFC00079D05}.Debug|Any CPU.ActiveCfg = Debug|Any CPU
		{473BD01F-D964-45A8-95E7-CCFC00079D05}.Debug|Any CPU.Build.0 = Debug|Any CPU
		{473BD01F-D964-45A8-95E7-CCFC00079D05}.Release|Any CPU.ActiveCfg = Release|Any CPU
		{473BD01F-D964-45A8-95E7-CCFC00079D05}.Release|Any CPU.Build.0 = Release|Any CPU
	EndGlobalSection
	GlobalSection(SolutionProperties) = preSolution
		HideSolutionNode = FALSE
	EndGlobalSection
EndGlobal
